
Microsoft Visual Studio Solution File, Format Version 12.00
# Visual Studio Version 17
VisualStudioVersion = 17.3.32929.385
MinimumVisualStudioVersion = 10.0.40219.1
Project("{FAE04EC0-301F-11D3-BF4B-00C04F79EFBC}") = "GoFish", "GoFish\GoFish.csproj", "{4C5A4417-D4C7-4E5F-9C83-FA6414526399}"
EndProject
Project("{FAE04EC0-301F-11D3-BF4B-00C04F79EFBC}") = "GoFishTests", "GoFishTests\GoFishTests.csproj", "{3DE650CB-FF88-4811-8E60-4976744E0D2B}"
EndProject
Global
	GlobalSection(SolutionConfigurationPlatforms) = preSolution
		Debug|Any CPU = Debug|Any CPU
		Release|Any CPU = Release|Any CPU
	EndGlobalSection
	GlobalSection(ProjectConfigurationPlatforms) = postSolution
		{4C5A4417-D4C7-4E5F-9C83-FA6414526399}.Debug|Any CPU.ActiveCfg = Debug|Any CPU
		{4C5A4417-D4C7-4E5F-9C83-FA6414526399}.Debug|Any CPU.Build.0 = Debug|Any CPU
		{4C5A4417-D4C7-4E5F-9C83-FA6414526399}.Release|Any CPU.ActiveCfg = Release|Any CPU
		{4C5A4417-D4C7-4E5F-9C83-FA6414526399}.Release|Any CPU.Build.0 = Release|Any CPU
		{3DE650CB-FF88-4811-8E60-4976744E0D2B}.Debug|Any CPU.ActiveCfg = Debug|Any CPU
		{3DE650CB-FF88-4811-8E60-4976744E0D2B}.Debug|Any CPU.Build.0 = Debug|Any CPU
		{3DE650CB-FF88-4811-8E60-4976744E0D2B}.Release|Any CPU.ActiveCfg = Release|Any CPU
		{3DE650CB-FF88-4811-8E60-4976744E0D2B}.Release|Any CPU.Build.0 = Release|Any CPU
	EndGlobalSection
	GlobalSection(SolutionProperties) = preSolution
		HideSolutionNode = FALSE
	EndGlobalSection
	GlobalSection(ExtensibilityGlobals) = postSolution
		SolutionGuid = {041E4DA6-A9EE-4D12-8F15-E990C70E1B88}
	EndGlobalSection
EndGlobal
